{
  "object": {
    "pins": [
      {
        "package": "CryptoSwift",
        "repositoryURL": "https://github.com/krzyzanowskim/CryptoSwift.git",
        "state": {
          "branch": null,
          "revision": "12f2389aca4a07e0dd54c86ec23d0721ed88b8db",
          "version": "1.4.3"
        }
      },
      {
        "package": "DeviceTools",
        "repositoryURL": "https://github.com/m3lody992/DeviceTools",
        "state": {
          "branch": "main",
          "revision": "ae7e1ed5fad529eccecce44457c5033c2471eb4d",
          "version": null
        }
      },
      {
        "package": "InfoServices",
        "repositoryURL": "https://github.com/m3lody992/InfoServices",
        "state": {
          "branch": "main",
          "revision": "51e91456ffc0d76fbfa6f21f89f573a23c07f740",
          "version": null
        }
      },
      {
        "package": "JGProgressHUD",
        "repositoryURL": "https://github.com/JonasGessner/JGProgressHUD",
        "state": {
          "branch": null,
          "revision": "78d7cd35f1d90ff74fd82e486f2cbe4b24be8cf9",
          "version": "2.2.0"
        }
      },
      {
        "package": "KeychainAccess",
        "repositoryURL": "https://github.com/kishikawakatsumi/KeychainAccess",
        "state": {
          "branch": null,
          "revision": "84e546727d66f1adc5439debad16270d0fdd04e7",
          "version": "4.2.2"
        }
      },
      {
        "package": "Kingfisher",
        "repositoryURL": "https://github.com/onevcat/Kingfisher.git",
        "state": {
          "branch": null,
          "revision": "af4be924ad984cf4d16f4ae4df424e79a443d435",
          "version": "7.6.2"
        }
      },
      {
        "package": "Networking",
        "repositoryURL": "https://github.com/m3lody992/Networking",
        "state": {
          "branch": "main",
          "revision": "55be920c3b6cad6bb5ff06c4fad75697c82f79d7",
          "version": null
        }
      },
      {
        "package": "Reachability",
        "repositoryURL": "https://github.com/ashleymills/Reachability.swift",
        "state": {
          "branch": null,
          "revision": "c01bbdf2d633cf049ae1ed1a68a2020a8bda32e2",
          "version": "5.1.0"
        }
      },
      {
        "package": "UITools",
        "repositoryURL": "https://github.com/m3lody992/UITools",
        "state": {
          "branch": "main",
          "revision": "4cc814ce3734b4539fa6ecb4aec4d41a7b93a29e",
          "version": null
        }
      }
    ]
  },
  "version": 1
}
